
Microsoft Visual Studio Solution File, Format Version 12.00
# Visual Studio Version 17
VisualStudioVersion = 17.7.34031.279
MinimumVisualStudioVersion = 10.0.40219.1
Project("{FAE04EC0-301F-11D3-BF4B-00C04F79EFBC}") = "APS8-MAUI-DESKTOP", "APS8-MAUI-DESKTOP.csproj", "{C382B675-3493-48EE-9E2D-2311E568F4DF}"
EndProject
Global
	GlobalSection(SolutionConfigurationPlatforms) = preSolution
		Debug|Any CPU = Debug|Any CPU
		Release|Any CPU = Release|Any CPU
	EndGlobalSection
	GlobalSection(ProjectConfigurationPlatforms) = postSolution
		{C382B675-3493-48EE-9E2D-2311E568F4DF}.Debug|Any CPU.ActiveCfg = Debug|Any CPU
		{C382B675-3493-48EE-9E2D-2311E568F4DF}.Debug|Any CPU.Build.0 = Debug|Any CPU
		{C382B675-3493-48EE-9E2D-2311E568F4DF}.Debug|Any CPU.Deploy.0 = Debug|Any CPU
		{C382B675-3493-48EE-9E2D-2311E568F4DF}.Release|Any CPU.ActiveCfg = Release|Any CPU
		{C382B675-3493-48EE-9E2D-2311E568F4DF}.Release|Any CPU.Build.0 = Release|Any CPU
		{C382B675-3493-48EE-9E2D-2311E568F4DF}.Release|Any CPU.Deploy.0 = Release|Any CPU
	EndGlobalSection
	GlobalSection(SolutionProperties) = preSolution
		HideSolutionNode = FALSE
	EndGlobalSection
	GlobalSection(ExtensibilityGlobals) = postSolution
		SolutionGuid = {915D0E1E-F0BD-4A61-A418-4BFD8C1E7D93}
	EndGlobalSection
EndGlobal
